// !$*UTF8*$!
{
	archiveVersion = 1;
	classes = {
	};
	objectVersion = 56;
	objects = {

/* Begin PBXBuildFile section */
		9C01296E292CD8BF00E1C82E /* AppDelegate.swift in Sources */ = {isa = PBXBuildFile; fileRef = 9C01296D292CD8BF00E1C82E /* AppDelegate.swift */; };
		9C012970292CD8BF00E1C82E /* SceneDelegate.swift in Sources */ = {isa = PBXBuildFile; fileRef = 9C01296F292CD8BF00E1C82E /* SceneDelegate.swift */; };
		9C012972292CD8BF00E1C82E /* ViewController.swift in Sources */ = {isa = PBXBuildFile; fileRef = 9C012971292CD8BF00E1C82E /* ViewController.swift */; };
		9C012975292CD8BF00E1C82E /* Main.storyboard in Resources */ = {isa = PBXBuildFile; fileRef = 9C012973292CD8BF00E1C82E /* Main.storyboard */; };
		9C012977292CD8C000E1C82E /* Assets.xcassets in Resources */ = {isa = PBXBuildFile; fileRef = 9C012976292CD8C000E1C82E /* Assets.xcassets */; };
		9C01297A292CD8C000E1C82E /* LaunchScreen.storyboard in Resources */ = {isa = PBXBuildFile; fileRef = 9C012978292CD8C000E1C82E /* LaunchScreen.storyboard */; };
		9C012983292CDA6500E1C82E /* AppCoordinator.swift in Sources */ = {isa = PBXBuildFile; fileRef = 9C012982292CDA6500E1C82E /* AppCoordinator.swift */; };
		9C012985292CDFCB00E1C82E /* SignInCoordinator.swift in Sources */ = {isa = PBXBuildFile; fileRef = 9C012984292CDFCB00E1C82E /* SignInCoordinator.swift */; };
		9C012987292CE1ED00E1C82E /* SignInRepository.swift in Sources */ = {isa = PBXBuildFile; fileRef = 9C012986292CE1ED00E1C82E /* SignInRepository.swift */; };
		9C012989292CE28400E1C82E /* SignInViewModel.swift in Sources */ = {isa = PBXBuildFile; fileRef = 9C012988292CE28400E1C82E /* SignInViewModel.swift */; };
		9C01298B292CE2B700E1C82E /* SignInNavigation.swift in Sources */ = {isa = PBXBuildFile; fileRef = 9C01298A292CE2B700E1C82E /* SignInNavigation.swift */; };
		9C01298D292CEA8A00E1C82E /* SignInView.swift in Sources */ = {isa = PBXBuildFile; fileRef = 9C01298C292CEA8A00E1C82E /* SignInView.swift */; };
		9C01299E292CF79A00E1C82E /* CustomInput.swift in Sources */ = {isa = PBXBuildFile; fileRef = 9C012995292CF49200E1C82E /* CustomInput.swift */; };
		9C01299F292CF7F300E1C82E /* CustomInputPass.swift in Sources */ = {isa = PBXBuildFile; fileRef = 9C012997292CF49200E1C82E /* CustomInputPass.swift */; };
		9C0129A0292CF89000E1C82E /* Color.swift in Sources */ = {isa = PBXBuildFile; fileRef = 9C01299D292CF4C400E1C82E /* Color.swift */; };
		9C0129A1292CFD5F00E1C82E /* CustomButton.swift in Sources */ = {isa = PBXBuildFile; fileRef = 9C012992292CF49200E1C82E /* CustomButton.swift */; };
		9C5DEEE9292E559A005A16C1 /* ErrorMessages.swift in Sources */ = {isa = PBXBuildFile; fileRef = 9C5DEEE8292E559A005A16C1 /* ErrorMessages.swift */; };
		9CF67094292D108000ED1473 /* RegisterCoordinator.swift in Sources */ = {isa = PBXBuildFile; fileRef = 9CF67093292D108000ED1473 /* RegisterCoordinator.swift */; };
		9CF67096292D108E00ED1473 /* RegisterRepository.swift in Sources */ = {isa = PBXBuildFile; fileRef = 9CF67095292D108E00ED1473 /* RegisterRepository.swift */; };
		9CF67098292D109A00ED1473 /* RegisterViewModel.swift in Sources */ = {isa = PBXBuildFile; fileRef = 9CF67097292D109900ED1473 /* RegisterViewModel.swift */; };
		9CF6709A292D10B800ED1473 /* RegisterNavigation.swift in Sources */ = {isa = PBXBuildFile; fileRef = 9CF67099292D10B800ED1473 /* RegisterNavigation.swift */; };
		9CF6709C292D10CD00ED1473 /* RegisterView.swift in Sources */ = {isa = PBXBuildFile; fileRef = 9CF6709B292D10CD00ED1473 /* RegisterView.swift */; };
		9CF670A0292E357500ED1473 /* ErrorLabel.swift in Sources */ = {isa = PBXBuildFile; fileRef = 9CF6709F292E357500ED1473 /* ErrorLabel.swift */; };
/* End PBXBuildFile section */

/* Begin PBXFileReference section */
		9C01296A292CD8BF00E1C82E /* EventHub.app */ = {isa = PBXFileReference; explicitFileType = wrapper.application; includeInIndex = 0; path = EventHub.app; sourceTree = BUILT_PRODUCTS_DIR; };
		9C01296D292CD8BF00E1C82E /* AppDelegate.swift */ = {isa = PBXFileReference; lastKnownFileType = sourcecode.swift; path = AppDelegate.swift; sourceTree = "<group>"; };
		9C01296F292CD8BF00E1C82E /* SceneDelegate.swift */ = {isa = PBXFileReference; lastKnownFileType = sourcecode.swift; path = SceneDelegate.swift; sourceTree = "<group>"; };
		9C012971292CD8BF00E1C82E /* ViewController.swift */ = {isa = PBXFileReference; lastKnownFileType = sourcecode.swift; path = ViewController.swift; sourceTree = "<group>"; };
		9C012974292CD8BF00E1C82E /* Base */ = {isa = PBXFileReference; lastKnownFileType = file.storyboard; name = Base; path = Base.lproj/Main.storyboard; sourceTree = "<group>"; };
		9C012976292CD8C000E1C82E /* Assets.xcassets */ = {isa = PBXFileReference; lastKnownFileType = folder.assetcatalog; path = Assets.xcassets; sourceTree = "<group>"; };
		9C012979292CD8C000E1C82E /* Base */ = {isa = PBXFileReference; lastKnownFileType = file.storyboard; name = Base; path = Base.lproj/LaunchScreen.storyboard; sourceTree = "<group>"; };
		9C01297B292CD8C000E1C82E /* Info.plist */ = {isa = PBXFileReference; lastKnownFileType = text.plist.xml; path = Info.plist; sourceTree = "<group>"; };
		9C012982292CDA6500E1C82E /* AppCoordinator.swift */ = {isa = PBXFileReference; lastKnownFileType = sourcecode.swift; path = AppCoordinator.swift; sourceTree = "<group>"; };
		9C012984292CDFCB00E1C82E /* SignInCoordinator.swift */ = {isa = PBXFileReference; lastKnownFileType = sourcecode.swift; path = SignInCoordinator.swift; sourceTree = "<group>"; };
		9C012986292CE1ED00E1C82E /* SignInRepository.swift */ = {isa = PBXFileReference; lastKnownFileType = sourcecode.swift; path = SignInRepository.swift; sourceTree = "<group>"; };
		9C012988292CE28400E1C82E /* SignInViewModel.swift */ = {isa = PBXFileReference; lastKnownFileType = sourcecode.swift; path = SignInViewModel.swift; sourceTree = "<group>"; };
		9C01298A292CE2B700E1C82E /* SignInNavigation.swift */ = {isa = PBXFileReference; lastKnownFileType = sourcecode.swift; path = SignInNavigation.swift; sourceTree = "<group>"; };
		9C01298C292CEA8A00E1C82E /* SignInView.swift */ = {isa = PBXFileReference; lastKnownFileType = sourcecode.swift; path = SignInView.swift; sourceTree = "<group>"; };
		9C012992292CF49200E1C82E /* CustomButton.swift */ = {isa = PBXFileReference; lastKnownFileType = sourcecode.swift; path = CustomButton.swift; sourceTree = "<group>"; };
		9C012995292CF49200E1C82E /* CustomInput.swift */ = {isa = PBXFileReference; lastKnownFileType = sourcecode.swift; path = CustomInput.swift; sourceTree = "<group>"; };
		9C012997292CF49200E1C82E /* CustomInputPass.swift */ = {isa = PBXFileReference; lastKnownFileType = sourcecode.swift; path = CustomInputPass.swift; sourceTree = "<group>"; };
		9C01299D292CF4C400E1C82E /* Color.swift */ = {isa = PBXFileReference; lastKnownFileType = sourcecode.swift; path = Color.swift; sourceTree = "<group>"; };
		9C5DEEE8292E559A005A16C1 /* ErrorMessages.swift */ = {isa = PBXFileReference; lastKnownFileType = sourcecode.swift; path = ErrorMessages.swift; sourceTree = "<group>"; };
		9CF67093292D108000ED1473 /* RegisterCoordinator.swift */ = {isa = PBXFileReference; lastKnownFileType = sourcecode.swift; path = RegisterCoordinator.swift; sourceTree = "<group>"; };
		9CF67095292D108E00ED1473 /* RegisterRepository.swift */ = {isa = PBXFileReference; lastKnownFileType = sourcecode.swift; path = RegisterRepository.swift; sourceTree = "<group>"; };
		9CF67097292D109900ED1473 /* RegisterViewModel.swift */ = {isa = PBXFileReference; lastKnownFileType = sourcecode.swift; path = RegisterViewModel.swift; sourceTree = "<group>"; };
		9CF67099292D10B800ED1473 /* RegisterNavigation.swift */ = {isa = PBXFileReference; lastKnownFileType = sourcecode.swift; path = RegisterNavigation.swift; sourceTree = "<group>"; };
		9CF6709B292D10CD00ED1473 /* RegisterView.swift */ = {isa = PBXFileReference; lastKnownFileType = sourcecode.swift; path = RegisterView.swift; sourceTree = "<group>"; };
		9CF6709F292E357500ED1473 /* ErrorLabel.swift */ = {isa = PBXFileReference; lastKnownFileType = sourcecode.swift; path = ErrorLabel.swift; sourceTree = "<group>"; };
/* End PBXFileReference section */

/* Begin PBXFrameworksBuildPhase section */
		9C012967292CD8BF00E1C82E /* Frameworks */ = {
			isa = PBXFrameworksBuildPhase;
			buildActionMask = 2147483647;
			files = (
			);
			runOnlyForDeploymentPostprocessing = 0;
		};
/* End PBXFrameworksBuildPhase section */

/* Begin PBXGroup section */
		9C012961292CD8BF00E1C82E = {
			isa = PBXGroup;
			children = (
				9C01296C292CD8BF00E1C82E /* EventHub */,
				9C01296B292CD8BF00E1C82E /* Products */,
			);
			sourceTree = "<group>";
		};
		9C01296B292CD8BF00E1C82E /* Products */ = {
			isa = PBXGroup;
			children = (
				9C01296A292CD8BF00E1C82E /* EventHub.app */,
			);
			name = Products;
			sourceTree = "<group>";
		};
		9C01296C292CD8BF00E1C82E /* EventHub */ = {
			isa = PBXGroup;
			children = (
				9C01299C292CF4C400E1C82E /* Utils */,
				9C012990292CF49200E1C82E /* Components */,
				9C012981292CDA3D00E1C82E /* SignIn */,
				9CF67092292D103200ED1473 /* Register */,
				9C012982292CDA6500E1C82E /* AppCoordinator.swift */,
				9C01296D292CD8BF00E1C82E /* AppDelegate.swift */,
				9C01296F292CD8BF00E1C82E /* SceneDelegate.swift */,
				9C012971292CD8BF00E1C82E /* ViewController.swift */,
				9C012973292CD8BF00E1C82E /* Main.storyboard */,
				9C012976292CD8C000E1C82E /* Assets.xcassets */,
				9C012978292CD8C000E1C82E /* LaunchScreen.storyboard */,
				9C01297B292CD8C000E1C82E /* Info.plist */,
			);
			path = EventHub;
			sourceTree = "<group>";
		};
		9C012981292CDA3D00E1C82E /* SignIn */ = {
			isa = PBXGroup;
			children = (
				9C012984292CDFCB00E1C82E /* SignInCoordinator.swift */,
				9C012986292CE1ED00E1C82E /* SignInRepository.swift */,
				9C012988292CE28400E1C82E /* SignInViewModel.swift */,
				9C01298A292CE2B700E1C82E /* SignInNavigation.swift */,
				9C01298C292CEA8A00E1C82E /* SignInView.swift */,
			);
			path = SignIn;
			sourceTree = "<group>";
		};
		9C012990292CF49200E1C82E /* Components */ = {
			isa = PBXGroup;
			children = (
				9C012991292CF49200E1C82E /* Buttons */,
				9C012993292CF49200E1C82E /* Inputs */,
			);
			path = Components;
			sourceTree = "<group>";
		};
		9C012991292CF49200E1C82E /* Buttons */ = {
			isa = PBXGroup;
			children = (
				9C012992292CF49200E1C82E /* CustomButton.swift */,
			);
			path = Buttons;
			sourceTree = "<group>";
		};
		9C012993292CF49200E1C82E /* Inputs */ = {
			isa = PBXGroup;
			children = (
				9C012995292CF49200E1C82E /* CustomInput.swift */,
				9CF6709F292E357500ED1473 /* ErrorLabel.swift */,
				9C012997292CF49200E1C82E /* CustomInputPass.swift */,
			);
			path = Inputs;
			sourceTree = "<group>";
		};
		9C01299C292CF4C400E1C82E /* Utils */ = {
			isa = PBXGroup;
			children = (
				9C01299D292CF4C400E1C82E /* Color.swift */,
				9C5DEEE8292E559A005A16C1 /* ErrorMessages.swift */,
			);
			path = Utils;
			sourceTree = "<group>";
		};
		9CF67092292D103200ED1473 /* Register */ = {
			isa = PBXGroup;
			children = (
				9CF67093292D108000ED1473 /* RegisterCoordinator.swift */,
				9CF67095292D108E00ED1473 /* RegisterRepository.swift */,
				9CF67097292D109900ED1473 /* RegisterViewModel.swift */,
				9CF67099292D10B800ED1473 /* RegisterNavigation.swift */,
				9CF6709B292D10CD00ED1473 /* RegisterView.swift */,
			);
			path = Register;
			sourceTree = "<group>";
		};
/* End PBXGroup section */

/* Begin PBXNativeTarget section */
		9C012969292CD8BF00E1C82E /* EventHub */ = {
			isa = PBXNativeTarget;
			buildConfigurationList = 9C01297E292CD8C000E1C82E /* Build configuration list for PBXNativeTarget "EventHub" */;
			buildPhases = (
				9C012966292CD8BF00E1C82E /* Sources */,
				9C012967292CD8BF00E1C82E /* Frameworks */,
				9C012968292CD8BF00E1C82E /* Resources */,
			);
			buildRules = (
			);
			dependencies = (
			);
			name = EventHub;
			productName = EventHub;
			productReference = 9C01296A292CD8BF00E1C82E /* EventHub.app */;
			productType = "com.apple.product-type.application";
		};
/* End PBXNativeTarget section */

/* Begin PBXProject section */
		9C012962292CD8BF00E1C82E /* Project object */ = {
			isa = PBXProject;
			attributes = {
				BuildIndependentTargetsInParallel = 1;
				LastSwiftUpdateCheck = 1410;
				LastUpgradeCheck = 1410;
				TargetAttributes = {
					9C012969292CD8BF00E1C82E = {
						CreatedOnToolsVersion = 14.1;
					};
				};
			};
			buildConfigurationList = 9C012965292CD8BF00E1C82E /* Build configuration list for PBXProject "EventHub" */;
			compatibilityVersion = "Xcode 14.0";
			developmentRegion = en;
			hasScannedForEncodings = 0;
			knownRegions = (
				en,
				Base,
			);
			mainGroup = 9C012961292CD8BF00E1C82E;
			productRefGroup = 9C01296B292CD8BF00E1C82E /* Products */;
			projectDirPath = "";
			projectRoot = "";
			targets = (
				9C012969292CD8BF00E1C82E /* EventHub */,
			);
		};
/* End PBXProject section */

/* Begin PBXResourcesBuildPhase section */
		9C012968292CD8BF00E1C82E /* Resources */ = {
			isa = PBXResourcesBuildPhase;
			buildActionMask = 2147483647;
			files = (
				9C01297A292CD8C000E1C82E /* LaunchScreen.storyboard in Resources */,
				9C012977292CD8C000E1C82E /* Assets.xcassets in Resources */,
				9C012975292CD8BF00E1C82E /* Main.storyboard in Resources */,
			);
			runOnlyForDeploymentPostprocessing = 0;
		};
/* End PBXResourcesBuildPhase section */

/* Begin PBXSourcesBuildPhase section */
		9C012966292CD8BF00E1C82E /* Sources */ = {
			isa = PBXSourcesBuildPhase;
			buildActionMask = 2147483647;
			files = (
				9C0129A1292CFD5F00E1C82E /* CustomButton.swift in Sources */,
				9C01298D292CEA8A00E1C82E /* SignInView.swift in Sources */,
				9C012983292CDA6500E1C82E /* AppCoordinator.swift in Sources */,
				9CF67098292D109A00ED1473 /* RegisterViewModel.swift in Sources */,
				9CF67094292D108000ED1473 /* RegisterCoordinator.swift in Sources */,
				9C012989292CE28400E1C82E /* SignInViewModel.swift in Sources */,
				9C012972292CD8BF00E1C82E /* ViewController.swift in Sources */,
				9C01299F292CF7F300E1C82E /* CustomInputPass.swift in Sources */,
				9C5DEEE9292E559A005A16C1 /* ErrorMessages.swift in Sources */,
				9C0129A0292CF89000E1C82E /* Color.swift in Sources */,
				9CF6709C292D10CD00ED1473 /* RegisterView.swift in Sources */,
				9C01298B292CE2B700E1C82E /* SignInNavigation.swift in Sources */,
				9C01296E292CD8BF00E1C82E /* AppDelegate.swift in Sources */,
				9CF6709A292D10B800ED1473 /* RegisterNavigation.swift in Sources */,
				9C012970292CD8BF00E1C82E /* SceneDelegate.swift in Sources */,
				9CF670A0292E357500ED1473 /* ErrorLabel.swift in Sources */,
				9C012985292CDFCB00E1C82E /* SignInCoordinator.swift in Sources */,
				9CF67096292D108E00ED1473 /* RegisterRepository.swift in Sources */,
				9C012987292CE1ED00E1C82E /* SignInRepository.swift in Sources */,
				9C01299E292CF79A00E1C82E /* CustomInput.swift in Sources */,
			);
			runOnlyForDeploymentPostprocessing = 0;
		};
/* End PBXSourcesBuildPhase section */

/* Begin PBXVariantGroup section */
		9C012973292CD8BF00E1C82E /* Main.storyboard */ = {
			isa = PBXVariantGroup;
			children = (
				9C012974292CD8BF00E1C82E /* Base */,
			);
			name = Main.storyboard;
			sourceTree = "<group>";
		};
		9C012978292CD8C000E1C82E /* LaunchScreen.storyboard */ = {
			isa = PBXVariantGroup;
			children = (
				9C012979292CD8C000E1C82E /* Base */,
			);
			name = LaunchScreen.storyboard;
			sourceTree = "<group>";
		};
/* End PBXVariantGroup section */

/* Begin XCBuildConfiguration section */
		9C01297C292CD8C000E1C82E /* Debug */ = {
			isa = XCBuildConfiguration;
			buildSettings = {
				ALWAYS_SEARCH_USER_PATHS = NO;
				CLANG_ANALYZER_NONNULL = YES;
				CLANG_ANALYZER_NUMBER_OBJECT_CONVERSION = YES_AGGRESSIVE;
				CLANG_CXX_LANGUAGE_STANDARD = "gnu++20";
				CLANG_ENABLE_MODULES = YES;
				CLANG_ENABLE_OBJC_ARC = YES;
				CLANG_ENABLE_OBJC_WEAK = YES;
				CLANG_WARN_BLOCK_CAPTURE_AUTORELEASING = YES;
				CLANG_WARN_BOOL_CONVERSION = YES;
				CLANG_WARN_COMMA = YES;
				CLANG_WARN_CONSTANT_CONVERSION = YES;
				CLANG_WARN_DEPRECATED_OBJC_IMPLEMENTATIONS = YES;
				CLANG_WARN_DIRECT_OBJC_ISA_USAGE = YES_ERROR;
				CLANG_WARN_DOCUMENTATION_COMMENTS = YES;
				CLANG_WARN_EMPTY_BODY = YES;
				CLANG_WARN_ENUM_CONVERSION = YES;
				CLANG_WARN_INFINITE_RECURSION = YES;
				CLANG_WARN_INT_CONVERSION = YES;
				CLANG_WARN_NON_LITERAL_NULL_CONVERSION = YES;
				CLANG_WARN_OBJC_IMPLICIT_RETAIN_SELF = YES;
				CLANG_WARN_OBJC_LITERAL_CONVERSION = YES;
				CLANG_WARN_OBJC_ROOT_CLASS = YES_ERROR;
				CLANG_WARN_QUOTED_INCLUDE_IN_FRAMEWORK_HEADER = YES;
				CLANG_WARN_RANGE_LOOP_ANALYSIS = YES;
				CLANG_WARN_STRICT_PROTOTYPES = YES;
				CLANG_WARN_SUSPICIOUS_MOVE = YES;
				CLANG_WARN_UNGUARDED_AVAILABILITY = YES_AGGRESSIVE;
				CLANG_WARN_UNREACHABLE_CODE = YES;
				CLANG_WARN__DUPLICATE_METHOD_MATCH = YES;
				COPY_PHASE_STRIP = NO;
				DEBUG_INFORMATION_FORMAT = dwarf;
				ENABLE_STRICT_OBJC_MSGSEND = YES;
				ENABLE_TESTABILITY = YES;
				GCC_C_LANGUAGE_STANDARD = gnu11;
				GCC_DYNAMIC_NO_PIC = NO;
				GCC_NO_COMMON_BLOCKS = YES;
				GCC_OPTIMIZATION_LEVEL = 0;
				GCC_PREPROCESSOR_DEFINITIONS = (
					"DEBUG=1",
					"$(inherited)",
				);
				GCC_WARN_64_TO_32_BIT_CONVERSION = YES;
				GCC_WARN_ABOUT_RETURN_TYPE = YES_ERROR;
				GCC_WARN_UNDECLARED_SELECTOR = YES;
				GCC_WARN_UNINITIALIZED_AUTOS = YES_AGGRESSIVE;
				GCC_WARN_UNUSED_FUNCTION = YES;
				GCC_WARN_UNUSED_VARIABLE = YES;
				IPHONEOS_DEPLOYMENT_TARGET = 16.1;
				MTL_ENABLE_DEBUG_INFO = INCLUDE_SOURCE;
				MTL_FAST_MATH = YES;
				ONLY_ACTIVE_ARCH = YES;
				SDKROOT = iphoneos;
				SWIFT_ACTIVE_COMPILATION_CONDITIONS = DEBUG;
				SWIFT_OPTIMIZATION_LEVEL = "-Onone";
			};
			name = Debug;
		};
		9C01297D292CD8C000E1C82E /* Release */ = {
			isa = XCBuildConfiguration;
			buildSettings = {
				ALWAYS_SEARCH_USER_PATHS = NO;
				CLANG_ANALYZER_NONNULL = YES;
				CLANG_ANALYZER_NUMBER_OBJECT_CONVERSION = YES_AGGRESSIVE;
				CLANG_CXX_LANGUAGE_STANDARD = "gnu++20";
				CLANG_ENABLE_MODULES = YES;
				CLANG_ENABLE_OBJC_ARC = YES;
				CLANG_ENABLE_OBJC_WEAK = YES;
				CLANG_WARN_BLOCK_CAPTURE_AUTORELEASING = YES;
				CLANG_WARN_BOOL_CONVERSION = YES;
				CLANG_WARN_COMMA = YES;
				CLANG_WARN_CONSTANT_CONVERSION = YES;
				CLANG_WARN_DEPRECATED_OBJC_IMPLEMENTATIONS = YES;
				CLANG_WARN_DIRECT_OBJC_ISA_USAGE = YES_ERROR;
				CLANG_WARN_DOCUMENTATION_COMMENTS = YES;
				CLANG_WARN_EMPTY_BODY = YES;
				CLANG_WARN_ENUM_CONVERSION = YES;
				CLANG_WARN_INFINITE_RECURSION = YES;
				CLANG_WARN_INT_CONVERSION = YES;
				CLANG_WARN_NON_LITERAL_NULL_CONVERSION = YES;
				CLANG_WARN_OBJC_IMPLICIT_RETAIN_SELF = YES;
				CLANG_WARN_OBJC_LITERAL_CONVERSION = YES;
				CLANG_WARN_OBJC_ROOT_CLASS = YES_ERROR;
				CLANG_WARN_QUOTED_INCLUDE_IN_FRAMEWORK_HEADER = YES;
				CLANG_WARN_RANGE_LOOP_ANALYSIS = YES;
				CLANG_WARN_STRICT_PROTOTYPES = YES;
				CLANG_WARN_SUSPICIOUS_MOVE = YES;
				CLANG_WARN_UNGUARDED_AVAILABILITY = YES_AGGRESSIVE;
				CLANG_WARN_UNREACHABLE_CODE = YES;
				CLANG_WARN__DUPLICATE_METHOD_MATCH = YES;
				COPY_PHASE_STRIP = NO;
				DEBUG_INFORMATION_FORMAT = "dwarf-with-dsym";
				ENABLE_NS_ASSERTIONS = NO;
				ENABLE_STRICT_OBJC_MSGSEND = YES;
				GCC_C_LANGUAGE_STANDARD = gnu11;
				GCC_NO_COMMON_BLOCKS = YES;
				GCC_WARN_64_TO_32_BIT_CONVERSION = YES;
				GCC_WARN_ABOUT_RETURN_TYPE = YES_ERROR;
				GCC_WARN_UNDECLARED_SELECTOR = YES;
				GCC_WARN_UNINITIALIZED_AUTOS = YES_AGGRESSIVE;
				GCC_WARN_UNUSED_FUNCTION = YES;
				GCC_WARN_UNUSED_VARIABLE = YES;
				IPHONEOS_DEPLOYMENT_TARGET = 16.1;
				MTL_ENABLE_DEBUG_INFO = NO;
				MTL_FAST_MATH = YES;
				SDKROOT = iphoneos;
				SWIFT_COMPILATION_MODE = wholemodule;
				SWIFT_OPTIMIZATION_LEVEL = "-O";
				VALIDATE_PRODUCT = YES;
			};
			name = Release;
		};
		9C01297F292CD8C000E1C82E /* Debug */ = {
			isa = XCBuildConfiguration;
			buildSettings = {
				ASSETCATALOG_COMPILER_APPICON_NAME = AppIcon;
				ASSETCATALOG_COMPILER_GLOBAL_ACCENT_COLOR_NAME = AccentColor;
				CODE_SIGN_STYLE = Automatic;
				CURRENT_PROJECT_VERSION = 1;
				GENERATE_INFOPLIST_FILE = YES;
				INFOPLIST_FILE = EventHub/Info.plist;
				INFOPLIST_KEY_UIApplicationSupportsIndirectInputEvents = YES;
				INFOPLIST_KEY_UILaunchStoryboardName = LaunchScreen;
				INFOPLIST_KEY_UIMainStoryboardFile = Main;
				INFOPLIST_KEY_UISupportedInterfaceOrientations_iPad = "UIInterfaceOrientationPortrait UIInterfaceOrientationPortraitUpsideDown UIInterfaceOrientationLandscapeLeft UIInterfaceOrientationLandscapeRight";
				INFOPLIST_KEY_UISupportedInterfaceOrientations_iPhone = "UIInterfaceOrientationPortrait UIInterfaceOrientationLandscapeLeft UIInterfaceOrientationLandscapeRight";
				LD_RUNPATH_SEARCH_PATHS = (
					"$(inherited)",
					"@executable_path/Frameworks",
				);
				MARKETING_VERSION = 1.0;
				PRODUCT_BUNDLE_IDENTIFIER = com.pascu.EventHub;
				PRODUCT_NAME = "$(TARGET_NAME)";
				SWIFT_EMIT_LOC_STRINGS = YES;
				SWIFT_VERSION = 5.0;
				TARGETED_DEVICE_FAMILY = "1,2";
			};
			name = Debug;
		};
		9C012980292CD8C000E1C82E /* Release */ = {
			isa = XCBuildConfiguration;
			buildSettings = {
				ASSETCATALOG_COMPILER_APPICON_NAME = AppIcon;
				ASSETCATALOG_COMPILER_GLOBAL_ACCENT_COLOR_NAME = AccentColor;
				CODE_SIGN_STYLE = Automatic;
				CURRENT_PROJECT_VERSION = 1;
				GENERATE_INFOPLIST_FILE = YES;
				INFOPLIST_FILE = EventHub/Info.plist;
				INFOPLIST_KEY_UIApplicationSupportsIndirectInputEvents = YES;
				INFOPLIST_KEY_UILaunchStoryboardName = LaunchScreen;
				INFOPLIST_KEY_UIMainStoryboardFile = Main;
				INFOPLIST_KEY_UISupportedInterfaceOrientations_iPad = "UIInterfaceOrientationPortrait UIInterfaceOrientationPortraitUpsideDown UIInterfaceOrientationLandscapeLeft UIInterfaceOrientationLandscapeRight";
				INFOPLIST_KEY_UISupportedInterfaceOrientations_iPhone = "UIInterfaceOrientationPortrait UIInterfaceOrientationLandscapeLeft UIInterfaceOrientationLandscapeRight";
				LD_RUNPATH_SEARCH_PATHS = (
					"$(inherited)",
					"@executable_path/Frameworks",
				);
				MARKETING_VERSION = 1.0;
				PRODUCT_BUNDLE_IDENTIFIER = com.pascu.EventHub;
				PRODUCT_NAME = "$(TARGET_NAME)";
				SWIFT_EMIT_LOC_STRINGS = YES;
				SWIFT_VERSION = 5.0;
				TARGETED_DEVICE_FAMILY = "1,2";
			};
			name = Release;
		};
/* End XCBuildConfiguration section */

/* Begin XCConfigurationList section */
		9C012965292CD8BF00E1C82E /* Build configuration list for PBXProject "EventHub" */ = {
			isa = XCConfigurationList;
			buildConfigurations = (
				9C01297C292CD8C000E1C82E /* Debug */,
				9C01297D292CD8C000E1C82E /* Release */,
			);
			defaultConfigurationIsVisible = 0;
			defaultConfigurationName = Release;
		};
		9C01297E292CD8C000E1C82E /* Build configuration list for PBXNativeTarget "EventHub" */ = {
			isa = XCConfigurationList;
			buildConfigurations = (
				9C01297F292CD8C000E1C82E /* Debug */,
				9C012980292CD8C000E1C82E /* Release */,
			);
			defaultConfigurationIsVisible = 0;
			defaultConfigurationName = Release;
		};
/* End XCConfigurationList section */
	};
	rootObject = 9C012962292CD8BF00E1C82E /* Project object */;
}
